lockfileVersion: '9.0'

settings:
  autoInstallPeers: true
  excludeLinksFromLockfile: false

importers:

  .:
    devDependencies:
      '@ampcode/plugin':
        specifier: 0.0.0-20260607025156-g42a1e47
        version: 0.0.0-20260607025156-g42a1e47
      typescript:
        specifier: ^5.9.3
        version: 5.9.3

packages:

  '@ampcode/plugin@0.0.0-20260607025156-g42a1e47':
    resolution: {integrity: sha512-jGW17yOZ5sDuMA/fc7Hunj2uRDpiJ5t+lc0AFPJdVbXtAEbvWqvHSJsp7jleH/Bppv5M72NrFWc3q0l9TuZgxQ==}

  typescript@5.9.3:
    resolution: {integrity: sha512-jl1vZzPDinLr9eUt3J/t7V6FgNEw9QjvBPdysz9KfQDD41fQrC2Y4vKQdiaUpFT4bXlb1RHhLpp8wtm6M5TgSw==}
    engines: {node: '>=14.17'}
    hasBin: true

snapshots:

  '@ampcode/plugin@0.0.0-20260607025156-g42a1e47': {}

  typescript@5.9.3: {}
