lockfileVersion: '9.0'

settings:
  autoInstallPeers: true
  excludeLinksFromLockfile: false

importers:

  .:
    devDependencies:
      '@ampcode/plugin':
        specifier: 0.0.0-20260506002930-gb6c251f
        version: 0.0.0-20260506002930-gb6c251f
      typescript:
        specifier: ^5.9.3
        version: 5.9.3

packages:

  '@ampcode/plugin@0.0.0-20260506002930-gb6c251f':
    resolution: {integrity: sha512-/DONZW2sLhCTLMZ9Hgk+YgpzFJFBnmUIaL6IB/shb+5pq8zJwsJI7QIfb9r9MAyu6yvTkZxNFJaRYHe5BqskUA==}

  typescript@5.9.3:
    resolution: {integrity: sha512-jl1vZzPDinLr9eUt3J/t7V6FgNEw9QjvBPdysz9KfQDD41fQrC2Y4vKQdiaUpFT4bXlb1RHhLpp8wtm6M5TgSw==}
    engines: {node: '>=14.17'}
    hasBin: true

snapshots:

  '@ampcode/plugin@0.0.0-20260506002930-gb6c251f': {}

  typescript@5.9.3: {}
